PODS:
  - Alamofire (4.2.0)
  - GoogleMaps (2.1.1):
    - GoogleMaps/Maps (= 2.1.1)
  - GoogleMaps/Base (2.1.1)
  - GoogleMaps/Maps (2.1.1):
    - GoogleMaps/Base
  - GooglePlaces (2.1.1):
    - GoogleMaps/Base (= 2.1.1)
  - HFCardCollectionViewLayout (0.3.2)
  - iCarousel (1.8.3)
  - PDFReader (2.1.6)
  - SnapKit (3.1.2)
  - TransitionAnimation (4.0.0):
    - TransitionTreasury (~> 4.0)
  - TransitionTreasury (4.0.0)
  - UXMPDFKit (0.6.1)
  - XCDYouTubeKit (2.5.3)

DEPENDENCIES:
  - Alamofire
  - GoogleMaps
  - GooglePlaces
  - HFCardCollectionViewLayout
  - iCarousel (~> 1.8)
  - PDFReader (~> 2.1)
  - SnapKit (~> 3.1.2)
  - TransitionAnimation (~> 4.0.0)
  - TransitionTreasury (~> 4.0.0)
  - UXMPDFKit
  - XCDYouTubeKit (~> 2.5)

SPEC CHECKSUMS:
  Alamofire: aa2e09d871c9160ac53c90e83c68064a94e3dfbe
  GoogleMaps: a5b5bbe47734e2443bde781a6aa64e69fdb6d785
  GooglePlaces: 35636d86e5020cba3856eb988c09a5491de0a65a
  HFCardCollectionViewLayout: 7cb1608dca7acf9306d50e2a5cb52613d6d1dd38
  iCarousel: d782f635afac190c49bb8ee455882284cff8b85f
  PDFReader: c078fbfcaea16e7f896c1f5d2dd46c8020fd4c22
  SnapKit: 12b24f569cb7c143acc9c22b9d91b23e7b1c84a2
  TransitionAnimation: c397b9ca41ab593b35b1e8f8673df17bae0db20a
  TransitionTreasury: dcf3fe6e5c740525d9e7d4544af45e6fbfd71c88
  UXMPDFKit: af4d7c4cd8dd0e4f717894c179f38f2d18d0a51d
  XCDYouTubeKit: 90690f9e3523735dc93b8024269d991b0cfffe78

PODFILE CHECKSUM: 873f072be47294e19fd7907b2063122fa38f0ff1

COCOAPODS: 1.1.1
