// !$*UTF8*$!
{
	archiveVersion = 1;
	classes = {
	};
	objectVersion = 46;
	objects = {

/* Begin PBXBuildFile section */
		62103BBE1E3B12B7003C0196 /* MapViewController.swift in Sources */ = {isa = PBXBuildFile; fileRef = 62103BBC1E3B12B7003C0196 /* MapViewController.swift */; };
		62103BBF1E3B12B7003C0196 /* path.gpx in Resources */ = {isa = PBXBuildFile; fileRef = 62103BBD1E3B12B7003C0196 /* path.gpx */; };
		7A0FAAE5B89AA47A00599235 /* Pods_NEFEnduro.framework in Frameworks */ = {isa = PBXBuildFile; fileRef = C3B0A101A6D6410A6CD18955 /* Pods_NEFEnduro.framework */; };
		A20389E01E327CD90007C9D2 /* A Love of Thunder - ReadMe.txt in Resources */ = {isa = PBXBuildFile; fileRef = A20389DD1E327CD90007C9D2 /* A Love of Thunder - ReadMe.txt */; };
		A20389E11E327CD90007C9D2 /* ALoveofThunder.ttf in Resources */ = {isa = PBXBuildFile; fileRef = A20389DE1E327CD90007C9D2 /* ALoveofThunder.ttf */; };
		A20389E21E327CD90007C9D2 /* a-love-of-thunder.gif in Resources */ = {isa = PBXBuildFile; fileRef = A20389DF1E327CD90007C9D2 /* a-love-of-thunder.gif */; };
		A20389F61E327CE50007C9D2 /* NOTICE.txt in Resources */ = {isa = PBXBuildFile; fileRef = A20389E41E327CE50007C9D2 /* NOTICE.txt */; };
		A20389F71E327CE50007C9D2 /* Roboto-Black.ttf in Resources */ = {isa = PBXBuildFile; fileRef = A20389E51E327CE50007C9D2 /* Roboto-Black.ttf */; };
		A20389F81E327CE50007C9D2 /* Roboto-BlackItalic.ttf in Resources */ = {isa = PBXBuildFile; fileRef = A20389E61E327CE50007C9D2 /* Roboto-BlackItalic.ttf */; };
		A20389F91E327CE50007C9D2 /* Roboto-Bold.ttf in Resources */ = {isa = PBXBuildFile; fileRef = A20389E71E327CE50007C9D2 /* Roboto-Bold.ttf */; };
		A20389FA1E327CE50007C9D2 /* Roboto-BoldCondensed.ttf in Resources */ = {isa = PBXBuildFile; fileRef = A20389E81E327CE50007C9D2 /* Roboto-BoldCondensed.ttf */; };
		A20389FB1E327CE50007C9D2 /* Roboto-BoldCondensedItalic.ttf in Resources */ = {isa = PBXBuildFile; fileRef = A20389E91E327CE50007C9D2 /* Roboto-BoldCondensedItalic.ttf */; };
		A20389FC1E327CE50007C9D2 /* Roboto-BoldItalic.ttf in Resources */ = {isa = PBXBuildFile; fileRef = A20389EA1E327CE50007C9D2 /* Roboto-BoldItalic.ttf */; };
		A20389FD1E327CE50007C9D2 /* Roboto-Condensed.ttf in Resources */ = {isa = PBXBuildFile; fileRef = A20389EB1E327CE50007C9D2 /* Roboto-Condensed.ttf */; };
		A20389FE1E327CE50007C9D2 /* Roboto-CondensedItalic.ttf in Resources */ = {isa = PBXBuildFile; fileRef = A20389EC1E327CE50007C9D2 /* Roboto-CondensedItalic.ttf */; };
		A20389FF1E327CE50007C9D2 /* Roboto-Italic.ttf in Resources */ = {isa = PBXBuildFile; fileRef = A20389ED1E327CE50007C9D2 /* Roboto-Italic.ttf */; };
		A2038A001E327CE50007C9D2 /* Roboto-Light.ttf in Resources */ = {isa = PBXBuildFile; fileRef = A20389EE1E327CE50007C9D2 /* Roboto-Light.ttf */; };
		A2038A011E327CE50007C9D2 /* Roboto-LightItalic.ttf in Resources */ = {isa = PBXBuildFile; fileRef = A20389EF1E327CE50007C9D2 /* Roboto-LightItalic.ttf */; };
		A2038A021E327CE50007C9D2 /* Roboto-Medium.ttf in Resources */ = {isa = PBXBuildFile; fileRef = A20389F01E327CE50007C9D2 /* Roboto-Medium.ttf */; };
		A2038A031E327CE50007C9D2 /* Roboto-MediumItalic.ttf in Resources */ = {isa = PBXBuildFile; fileRef = A20389F11E327CE50007C9D2 /* Roboto-MediumItalic.ttf */; };
		A2038A041E327CE50007C9D2 /* Roboto-Regular.ttf in Resources */ = {isa = PBXBuildFile; fileRef = A20389F21E327CE50007C9D2 /* Roboto-Regular.ttf */; };
		A2038A051E327CE50007C9D2 /* Roboto-Thin.ttf in Resources */ = {isa = PBXBuildFile; fileRef = A20389F31E327CE50007C9D2 /* Roboto-Thin.ttf */; };
		A2038A061E327CE50007C9D2 /* Roboto-ThinItalic.ttf in Resources */ = {isa = PBXBuildFile; fileRef = A20389F41E327CE50007C9D2 /* Roboto-ThinItalic.ttf */; };
		A2038A071E327CE50007C9D2 /* Roboto_Specimen_Book.pdf in Resources */ = {isa = PBXBuildFile; fileRef = A20389F51E327CE50007C9D2 /* Roboto_Specimen_Book.pdf */; };
		A2038A091E3291530007C9D2 /* CategoryTableViewController.swift in Sources */ = {isa = PBXBuildFile; fileRef = A2038A081E3291530007C9D2 /* CategoryTableViewController.swift */; };
		A26BE2051E32334500501B0C /* Main.storyboard in Resources */ = {isa = PBXBuildFile; fileRef = A26BE2031E32334500501B0C /* Main.storyboard */; };
		A26BE2071E32334500501B0C /* Assets.xcassets in Resources */ = {isa = PBXBuildFile; fileRef = A26BE2061E32334500501B0C /* Assets.xcassets */; };
		A26BE20A1E32334500501B0C /* LaunchScreen.storyboard in Resources */ = {isa = PBXBuildFile; fileRef = A26BE2081E32334500501B0C /* LaunchScreen.storyboard */; };
		A26BE2151E32372A00501B0C /* AppDelegate.swift in Sources */ = {isa = PBXBuildFile; fileRef = A26BE2131E32372A00501B0C /* AppDelegate.swift */; };
		A26BE2161E32372A00501B0C /* ViewController.swift in Sources */ = {isa = PBXBuildFile; fileRef = A26BE2141E32372A00501B0C /* ViewController.swift */; };
		A26BE21E1E32457600501B0C /* CustomCollectionViewCell.swift in Sources */ = {isa = PBXBuildFile; fileRef = A26BE21D1E32457600501B0C /* CustomCollectionViewCell.swift */; };
		A2B894021E3B9EF400E48C60 /* ExampleCollectionViewCell.swift in Sources */ = {isa = PBXBuildFile; fileRef = A2B894011E3B9EF400E48C60 /* ExampleCollectionViewCell.swift */; };
		C467C4AEBD0A40D7B5CC75BA /* Pods_NEFEnduro.framework in Frameworks */ = {isa = PBXBuildFile; fileRef = E9090014F2B494A970CC71A1 /* Pods_NEFEnduro.framework */; };
/* End PBXBuildFile section */

/* Begin PBXFileReference section */
		62103BBC1E3B12B7003C0196 /* MapViewController.swift */ = {isa = PBXFileReference; fileEncoding = 4; lastKnownFileType = sourcecode.swift; path = MapViewController.swift; sourceTree = "<group>"; };
		62103BBD1E3B12B7003C0196 /* path.gpx */ = {isa = PBXFileReference; fileEncoding = 4; lastKnownFileType = text.xml; path = path.gpx; sourceTree = "<group>"; };
		A20389DD1E327CD90007C9D2 /* A Love of Thunder - ReadMe.txt */ = {isa = PBXFileReference; fileEncoding = 4; lastKnownFileType = text; path = "A Love of Thunder - ReadMe.txt"; sourceTree = "<group>"; };
		A20389DE1E327CD90007C9D2 /* ALoveofThunder.ttf */ = {isa = PBXFileReference; lastKnownFileType = file; path = ALoveofThunder.ttf; sourceTree = "<group>"; };
		A20389DF1E327CD90007C9D2 /* a-love-of-thunder.gif */ = {isa = PBXFileReference; lastKnownFileType = image.gif; path = "a-love-of-thunder.gif"; sourceTree = "<group>"; };
		A20389E41E327CE50007C9D2 /* NOTICE.txt */ = {isa = PBXFileReference; fileEncoding = 4; lastKnownFileType = text; path = NOTICE.txt; sourceTree = "<group>"; };
		A20389E51E327CE50007C9D2 /* Roboto-Black.ttf */ = {isa = PBXFileReference; lastKnownFileType = file; path = "Roboto-Black.ttf"; sourceTree = "<group>"; };
		A20389E61E327CE50007C9D2 /* Roboto-BlackItalic.ttf */ = {isa = PBXFileReference; lastKnownFileType = file; path = "Roboto-BlackItalic.ttf"; sourceTree = "<group>"; };
		A20389E71E327CE50007C9D2 /* Roboto-Bold.ttf */ = {isa = PBXFileReference; lastKnownFileType = file; path = "Roboto-Bold.ttf"; sourceTree = "<group>"; };
		A20389E81E327CE50007C9D2 /* Roboto-BoldCondensed.ttf */ = {isa = PBXFileReference; lastKnownFileType = file; path = "Roboto-BoldCondensed.ttf"; sourceTree = "<group>"; };
		A20389E91E327CE50007C9D2 /* Roboto-BoldCondensedItalic.ttf */ = {isa = PBXFileReference; lastKnownFileType = file; path = "Roboto-BoldCondensedItalic.ttf"; sourceTree = "<group>"; };
		A20389EA1E327CE50007C9D2 /* Roboto-BoldItalic.ttf */ = {isa = PBXFileReference; lastKnownFileType = file; path = "Roboto-BoldItalic.ttf"; sourceTree = "<group>"; };
		A20389EB1E327CE50007C9D2 /* Roboto-Condensed.ttf */ = {isa = PBXFileReference; lastKnownFileType = file; path = "Roboto-Condensed.ttf"; sourceTree = "<group>"; };
		A20389EC1E327CE50007C9D2 /* Roboto-CondensedItalic.ttf */ = {isa = PBXFileReference; lastKnownFileType = file; path = "Roboto-CondensedItalic.ttf"; sourceTree = "<group>"; };
		A20389ED1E327CE50007C9D2 /* Roboto-Italic.ttf */ = {isa = PBXFileReference; lastKnownFileType = file; path = "Roboto-Italic.ttf"; sourceTree = "<group>"; };
		A20389EE1E327CE50007C9D2 /* Roboto-Light.ttf */ = {isa = PBXFileReference; lastKnownFileType = file; path = "Roboto-Light.ttf"; sourceTree = "<group>"; };
		A20389EF1E327CE50007C9D2 /* Roboto-LightItalic.ttf */ = {isa = PBXFileReference; lastKnownFileType = file; path = "Roboto-LightItalic.ttf"; sourceTree = "<group>"; };
		A20389F01E327CE50007C9D2 /* Roboto-Medium.ttf */ = {isa = PBXFileReference; lastKnownFileType = file; path = "Roboto-Medium.ttf"; sourceTree = "<group>"; };
		A20389F11E327CE50007C9D2 /* Roboto-MediumItalic.ttf */ = {isa = PBXFileReference; lastKnownFileType = file; path = "Roboto-MediumItalic.ttf"; sourceTree = "<group>"; };
		A20389F21E327CE50007C9D2 /* Roboto-Regular.ttf */ = {isa = PBXFileReference; lastKnownFileType = file; path = "Roboto-Regular.ttf"; sourceTree = "<group>"; };
		A20389F31E327CE50007C9D2 /* Roboto-Thin.ttf */ = {isa = PBXFileReference; lastKnownFileType = file; path = "Roboto-Thin.ttf"; sourceTree = "<group>"; };
		A20389F41E327CE50007C9D2 /* Roboto-ThinItalic.ttf */ = {isa = PBXFileReference; lastKnownFileType = file; path = "Roboto-ThinItalic.ttf"; sourceTree = "<group>"; };
		A20389F51E327CE50007C9D2 /* Roboto_Specimen_Book.pdf */ = {isa = PBXFileReference; lastKnownFileType = image.pdf; path = Roboto_Specimen_Book.pdf; sourceTree = "<group>"; };
		A2038A081E3291530007C9D2 /* CategoryTableViewController.swift */ = {isa = PBXFileReference; fileEncoding = 4; lastKnownFileType = sourcecode.swift; path = CategoryTableViewController.swift; sourceTree = "<group>"; };
		A26BE1FC1E32334500501B0C /* NEFEnduro.app */ = {isa = PBXFileReference; explicitFileType = wrapper.application; includeInIndex = 0; path = NEFEnduro.app; sourceTree = BUILT_PRODUCTS_DIR; };
		A26BE2041E32334500501B0C /* Base */ = {isa = PBXFileReference; lastKnownFileType = file.storyboard; name = Base; path = Base.lproj/Main.storyboard; sourceTree = "<group>"; };
		A26BE2061E32334500501B0C /* Assets.xcassets */ = {isa = PBXFileReference; lastKnownFileType = folder.assetcatalog; path = Assets.xcassets; sourceTree = "<group>"; };
		A26BE2091E32334500501B0C /* Base */ = {isa = PBXFileReference; lastKnownFileType = file.storyboard; name = Base; path = Base.lproj/LaunchScreen.storyboard; sourceTree = "<group>"; };
		A26BE20B1E32334500501B0C /* Info.plist */ = {isa = PBXFileReference; lastKnownFileType = text.plist.xml; path = Info.plist; sourceTree = "<group>"; };
		A26BE2111E32366400501B0C /* NEF-Bridging-Header.h */ = {isa = PBXFileReference; fileEncoding = 4; lastKnownFileType = sourcecode.c.h; path = "NEF-Bridging-Header.h"; sourceTree = "<group>"; };
		A26BE2131E32372A00501B0C /* AppDelegate.swift */ = {isa = PBXFileReference; fileEncoding = 4; lastKnownFileType = sourcecode.swift; path = AppDelegate.swift; sourceTree = "<group>"; };
		A26BE2141E32372A00501B0C /* ViewController.swift */ = {isa = PBXFileReference; fileEncoding = 4; lastKnownFileType = sourcecode.swift; path = ViewController.swift; sourceTree = "<group>"; };
		A26BE21D1E32457600501B0C /* CustomCollectionViewCell.swift */ = {isa = PBXFileReference; fileEncoding = 4; lastKnownFileType = sourcecode.swift; path = CustomCollectionViewCell.swift; sourceTree = "<group>"; };
		A2B894011E3B9EF400E48C60 /* ExampleCollectionViewCell.swift */ = {isa = PBXFileReference; fileEncoding = 4; lastKnownFileType = sourcecode.swift; path = ExampleCollectionViewCell.swift; sourceTree = "<group>"; };
		D0631D8E68EA3DEB09BE1307 /* Pods-NEFEnduro.release.xcconfig */ = {isa = PBXFileReference; includeInIndex = 1; lastKnownFileType = text.xcconfig; name = "Pods-NEFEnduro.release.xcconfig"; path = "Pods/Target Support Files/Pods-NEFEnduro/Pods-NEFEnduro.release.xcconfig"; sourceTree = "<group>"; };
		E4AE5456721894D5D119D8F8 /* Pods-NEFEnduro.debug.xcconfig */ = {isa = PBXFileReference; includeInIndex = 1; lastKnownFileType = text.xcconfig; name = "Pods-NEFEnduro.debug.xcconfig"; path = "Pods/Target Support Files/Pods-NEFEnduro/Pods-NEFEnduro.debug.xcconfig"; sourceTree = "<group>"; };
		E9090014F2B494A970CC71A1 /* Pods_NEFEnduro.framework */ = {isa = PBXFileReference; explicitFileType = wrapper.framework; includeInIndex = 0; path = Pods_NEFEnduro.framework; sourceTree = BUILT_PRODUCTS_DIR; };
/* End PBXFileReference section */

/* Begin PBXFrameworksBuildPhase section */
		A26BE1F91E32334500501B0C /* Frameworks */ = {
			isa = PBXFrameworksBuildPhase;
			buildActionMask = 2147483647;
			files = (
				7A0FAAE5B89AA47A00599235 /* Pods_NEFEnduro.framework in Frameworks */,
			);
			runOnlyForDeploymentPostprocessing = 0;
		};
/* End PBXFrameworksBuildPhase section */

/* Begin PBXGroup section */
		65905202810B2345A5951F3D /* Frameworks */ = {
			isa = PBXGroup;
			children = (
				C3B0A101A6D6410A6CD18955 /* Pods_NEFEnduro.framework */,
			);
			name = Frameworks;
			sourceTree = "<group>";
		};
		7081F11667D31DF2044063CE /* Pods */ = {
			isa = PBXGroup;
			children = (
				3B68393444AAB4F81311648F /* Pods-NEFEnduro.debug.xcconfig */,
				01CA98C354FC8B749327147B /* Pods-NEFEnduro.release.xcconfig */,
			);
			name = Pods;
			sourceTree = "<group>";
		};
		A20389DB1E327CC30007C9D2 /* Fonts */ = {
			isa = PBXGroup;
			children = (
				A20389E31E327CE50007C9D2 /* roboto */,
				A20389DC1E327CD90007C9D2 /* a_love_of_thunder */,
			);
			name = Fonts;
			sourceTree = "<group>";
		};
		A20389DC1E327CD90007C9D2 /* a_love_of_thunder */ = {
			isa = PBXGroup;
			children = (
				A20389DD1E327CD90007C9D2 /* A Love of Thunder - ReadMe.txt */,
				A20389DE1E327CD90007C9D2 /* ALoveofThunder.ttf */,
				A20389DF1E327CD90007C9D2 /* a-love-of-thunder.gif */,
			);
			path = a_love_of_thunder;
			sourceTree = "<group>";
		};
		A20389E31E327CE50007C9D2 /* roboto */ = {
			isa = PBXGroup;
			children = (
				A20389E41E327CE50007C9D2 /* NOTICE.txt */,
				A20389E51E327CE50007C9D2 /* Roboto-Black.ttf */,
				A20389E61E327CE50007C9D2 /* Roboto-BlackItalic.ttf */,
				A20389E71E327CE50007C9D2 /* Roboto-Bold.ttf */,
				A20389E81E327CE50007C9D2 /* Roboto-BoldCondensed.ttf */,
				A20389E91E327CE50007C9D2 /* Roboto-BoldCondensedItalic.ttf */,
				A20389EA1E327CE50007C9D2 /* Roboto-BoldItalic.ttf */,
				A20389EB1E327CE50007C9D2 /* Roboto-Condensed.ttf */,
				A20389EC1E327CE50007C9D2 /* Roboto-CondensedItalic.ttf */,
				A20389ED1E327CE50007C9D2 /* Roboto-Italic.ttf */,
				A20389EE1E327CE50007C9D2 /* Roboto-Light.ttf */,
				A20389EF1E327CE50007C9D2 /* Roboto-LightItalic.ttf */,
				A20389F01E327CE50007C9D2 /* Roboto-Medium.ttf */,
				A20389F11E327CE50007C9D2 /* Roboto-MediumItalic.ttf */,
				A20389F21E327CE50007C9D2 /* Roboto-Regular.ttf */,
				A20389F31E327CE50007C9D2 /* Roboto-Thin.ttf */,
				A20389F41E327CE50007C9D2 /* Roboto-ThinItalic.ttf */,
				A20389F51E327CE50007C9D2 /* Roboto_Specimen_Book.pdf */,
			);
			name = roboto;
			path = a_love_of_thunder/roboto;
			sourceTree = "<group>";
		};
		A26BE1F31E32334500501B0C = {
			isa = PBXGroup;
			children = (
				A26BE1FE1E32334500501B0C /* NEFEnduro */,
				A26BE1FD1E32334500501B0C /* Products */,
				7081F11667D31DF2044063CE /* Pods */,
				65905202810B2345A5951F3D /* Frameworks */,
			);
			sourceTree = "<group>";
		};
		A26BE1FD1E32334500501B0C /* Products */ = {
			isa = PBXGroup;
			children = (
				A26BE1FC1E32334500501B0C /* NEFEnduro.app */,
			);
			name = Products;
			sourceTree = "<group>";
		};
		A26BE1FE1E32334500501B0C /* NEFEnduro */ = {
			isa = PBXGroup;
			children = (
				A26BE2121E32372A00501B0C /* Classes */,
				A26BE2031E32334500501B0C /* Main.storyboard */,
				A26BE2111E32366400501B0C /* NEF-Bridging-Header.h */,
				A26BE2061E32334500501B0C /* Assets.xcassets */,
				A26BE2081E32334500501B0C /* LaunchScreen.storyboard */,
				A26BE20B1E32334500501B0C /* Info.plist */,
			);
			path = NEFEnduro;
			sourceTree = "<group>";
		};
		A26BE2121E32372A00501B0C /* Classes */ = {
			isa = PBXGroup;
			children = (
				A26BE2171E32373000501B0C /* Application */,
				A26BE2141E32372A00501B0C /* ViewController.swift */,
				A2038A081E3291530007C9D2 /* CategoryTableViewController.swift */,
				62103BBC1E3B12B7003C0196 /* MapViewController.swift */,
				62103BBD1E3B12B7003C0196 /* path.gpx */,
				A26BE21F1E32457A00501B0C /* CollectionVIew Cells */,
				A20389DB1E327CC30007C9D2 /* Fonts */,
			);
			path = Classes;
			sourceTree = "<group>";
		};
		A26BE2171E32373000501B0C /* Application */ = {
			isa = PBXGroup;
			children = (
				A26BE2131E32372A00501B0C /* AppDelegate.swift */,
			);
			name = Application;
			sourceTree = "<group>";
		};
		A26BE21F1E32457A00501B0C /* CollectionVIew Cells */ = {
			isa = PBXGroup;
			children = (
				A2B894011E3B9EF400E48C60 /* ExampleCollectionViewCell.swift */,
				A26BE21D1E32457600501B0C /* CustomCollectionViewCell.swift */,
			);
			name = "CollectionVIew Cells";
			sourceTree = "<group>";
		};
/* End PBXGroup section */

/* Begin PBXNativeTarget section */
		A26BE1FB1E32334500501B0C /* NEFEnduro */ = {
			isa = PBXNativeTarget;
			buildConfigurationList = A26BE20E1E32334500501B0C /* Build configuration list for PBXNativeTarget "NEFEnduro" */;
			buildPhases = (
				C414705F06B48C951382819E /* [CP] Check Pods Manifest.lock */,
				A26BE1F81E32334500501B0C /* Sources */,
				A26BE1F91E32334500501B0C /* Frameworks */,
				A26BE1FA1E32334500501B0C /* Resources */,
				7BCF5D1D8A4ADC1B81A46574 /* [CP] Embed Pods Frameworks */,
				43A0E5AA21F361C2B6A632AA /* [CP] Copy Pods Resources */,
			);
			buildRules = (
			);
			dependencies = (
			);
			name = NEFEnduro;
			productName = NEFEnduro;
			productReference = A26BE1FC1E32334500501B0C /* NEFEnduro.app */;
			productType = "com.apple.product-type.application";
		};
/* End PBXNativeTarget section */

/* Begin PBXProject section */
		A26BE1F41E32334500501B0C /* Project object */ = {
			isa = PBXProject;
			attributes = {
				LastSwiftUpdateCheck = 0820;
				LastUpgradeCheck = 0820;
				ORGANIZATIONNAME = "Include tech";
				TargetAttributes = {
					A26BE1FB1E32334500501B0C = {
						CreatedOnToolsVersion = 8.2;
						DevelopmentTeam = 8DMCVMABTV;
						ProvisioningStyle = Automatic;
					};
				};
			};
			buildConfigurationList = A26BE1F71E32334500501B0C /* Build configuration list for PBXProject "NEFEnduro" */;
			compatibilityVersion = "Xcode 3.2";
			developmentRegion = English;
			hasScannedForEncodings = 0;
			knownRegions = (
				en,
				Base,
			);
			mainGroup = A26BE1F31E32334500501B0C;
			productRefGroup = A26BE1FD1E32334500501B0C /* Products */;
			projectDirPath = "";
			projectRoot = "";
			targets = (
				A26BE1FB1E32334500501B0C /* NEFEnduro */,
			);
		};
/* End PBXProject section */

/* Begin PBXResourcesBuildPhase section */
		A26BE1FA1E32334500501B0C /* Resources */ = {
			isa = PBXResourcesBuildPhase;
			buildActionMask = 2147483647;
			files = (
				A20389F61E327CE50007C9D2 /* NOTICE.txt in Resources */,
				A26BE20A1E32334500501B0C /* LaunchScreen.storyboard in Resources */,
				A20389FB1E327CE50007C9D2 /* Roboto-BoldCondensedItalic.ttf in Resources */,
				A20389F91E327CE50007C9D2 /* Roboto-Bold.ttf in Resources */,
				A2038A051E327CE50007C9D2 /* Roboto-Thin.ttf in Resources */,
				A20389FC1E327CE50007C9D2 /* Roboto-BoldItalic.ttf in Resources */,
				A20389FF1E327CE50007C9D2 /* Roboto-Italic.ttf in Resources */,
				A20389E01E327CD90007C9D2 /* A Love of Thunder - ReadMe.txt in Resources */,
				A20389F71E327CE50007C9D2 /* Roboto-Black.ttf in Resources */,
				A20389FA1E327CE50007C9D2 /* Roboto-BoldCondensed.ttf in Resources */,
				A2038A071E327CE50007C9D2 /* Roboto_Specimen_Book.pdf in Resources */,
				A2038A021E327CE50007C9D2 /* Roboto-Medium.ttf in Resources */,
				A20389F81E327CE50007C9D2 /* Roboto-BlackItalic.ttf in Resources */,
				A26BE2071E32334500501B0C /* Assets.xcassets in Resources */,
				A20389FE1E327CE50007C9D2 /* Roboto-CondensedItalic.ttf in Resources */,
				A2038A001E327CE50007C9D2 /* Roboto-Light.ttf in Resources */,
				A26BE2051E32334500501B0C /* Main.storyboard in Resources */,
				A2038A041E327CE50007C9D2 /* Roboto-Regular.ttf in Resources */,
				A2038A011E327CE50007C9D2 /* Roboto-LightItalic.ttf in Resources */,
				A2038A031E327CE50007C9D2 /* Roboto-MediumItalic.ttf in Resources */,
				A20389E21E327CD90007C9D2 /* a-love-of-thunder.gif in Resources */,
				62103BBF1E3B12B7003C0196 /* path.gpx in Resources */,
				A20389E11E327CD90007C9D2 /* ALoveofThunder.ttf in Resources */,
				A2038A061E327CE50007C9D2 /* Roboto-ThinItalic.ttf in Resources */,
				A20389FD1E327CE50007C9D2 /* Roboto-Condensed.ttf in Resources */,
			);
			runOnlyForDeploymentPostprocessing = 0;
		};
/* End PBXResourcesBuildPhase section */

/* Begin PBXShellScriptBuildPhase section */
		43A0E5AA21F361C2B6A632AA /* [CP] Copy Pods Resources */ = {
			isa = PBXShellScriptBuildPhase;
			buildActionMask = 2147483647;
			files = (
			);
			inputPaths = (
			);
			name = "[CP] Copy Pods Resources";
			outputPaths = (
			);
			runOnlyForDeploymentPostprocessing = 0;
			shellPath = /bin/sh;
			shellScript = "\"${SRCROOT}/Pods/Target Support Files/Pods-NEFEnduro/Pods-NEFEnduro-resources.sh\"\n";
			showEnvVarsInLog = 0;
		};
		7BCF5D1D8A4ADC1B81A46574 /* [CP] Embed Pods Frameworks */ = {
			isa = PBXShellScriptBuildPhase;
			buildActionMask = 2147483647;
			files = (
			);
			inputPaths = (
			);
			name = "[CP] Embed Pods Frameworks";
			outputPaths = (
			);
			runOnlyForDeploymentPostprocessing = 0;
			shellPath = /bin/sh;
			shellScript = "\"${SRCROOT}/Pods/Target Support Files/Pods-NEFEnduro/Pods-NEFEnduro-frameworks.sh\"\n";
			showEnvVarsInLog = 0;
		};
		C414705F06B48C951382819E /* [CP] Check Pods Manifest.lock */ = {
			isa = PBXShellScriptBuildPhase;
			buildActionMask = 2147483647;
			files = (
			);
			inputPaths = (
			);
			name = "[CP] Check Pods Manifest.lock";
			outputPaths = (
			);
			runOnlyForDeploymentPostprocessing = 0;
			shellPath = /bin/sh;
			shellScript = "diff \"${PODS_ROOT}/../Podfile.lock\" \"${PODS_ROOT}/Manifest.lock\" > /dev/null\nif [ $? != 0 ] ; then\n    # print error to STDERR\n    echo \"error: The sandbox is not in sync with the Podfile.lock. Run 'pod install' or update your CocoaPods installation.\" >&2\n    exit 1\nfi\n";
			showEnvVarsInLog = 0;
		};
/* End PBXShellScriptBuildPhase section */

/* Begin PBXSourcesBuildPhase section */
		A26BE1F81E32334500501B0C /* Sources */ = {
			isa = PBXSourcesBuildPhase;
			buildActionMask = 2147483647;
			files = (
				A26BE21E1E32457600501B0C /* CustomCollectionViewCell.swift in Sources */,
				A26BE2161E32372A00501B0C /* ViewController.swift in Sources */,
				A26BE2151E32372A00501B0C /* AppDelegate.swift in Sources */,
				A2B894021E3B9EF400E48C60 /* ExampleCollectionViewCell.swift in Sources */,
				A2038A091E3291530007C9D2 /* CategoryTableViewController.swift in Sources */,
				62103BBE1E3B12B7003C0196 /* MapViewController.swift in Sources */,
			);
			runOnlyForDeploymentPostprocessing = 0;
		};
/* End PBXSourcesBuildPhase section */

/* Begin PBXVariantGroup section */
		A26BE2031E32334500501B0C /* Main.storyboard */ = {
			isa = PBXVariantGroup;
			children = (
				A26BE2041E32334500501B0C /* Base */,
			);
			name = Main.storyboard;
			sourceTree = "<group>";
		};
		A26BE2081E32334500501B0C /* LaunchScreen.storyboard */ = {
			isa = PBXVariantGroup;
			children = (
				A26BE2091E32334500501B0C /* Base */,
			);
			name = LaunchScreen.storyboard;
			sourceTree = "<group>";
		};
/* End PBXVariantGroup section */

/* Begin XCBuildConfiguration section */
		A26BE20C1E32334500501B0C /* Debug */ = {
			isa = XCBuildConfiguration;
			buildSettings = {
				ALWAYS_SEARCH_USER_PATHS = NO;
				CLANG_ANALYZER_NONNULL = YES;
				CLANG_CXX_LANGUAGE_STANDARD = "gnu++0x";
				CLANG_CXX_LIBRARY = "libc++";
				CLANG_ENABLE_MODULES = YES;
				CLANG_ENABLE_OBJC_ARC = YES;
				CLANG_WARN_BOOL_CONVERSION = YES;
				CLANG_WARN_CONSTANT_CONVERSION = YES;
				CLANG_WARN_DIRECT_OBJC_ISA_USAGE = YES_ERROR;
				CLANG_WARN_DOCUMENTATION_COMMENTS = YES;
				CLANG_WARN_EMPTY_BODY = YES;
				CLANG_WARN_ENUM_CONVERSION = YES;
				CLANG_WARN_INFINITE_RECURSION = YES;
				CLANG_WARN_INT_CONVERSION = YES;
				CLANG_WARN_OBJC_ROOT_CLASS = YES_ERROR;
				CLANG_WARN_SUSPICIOUS_MOVE = YES;
				CLANG_WARN_UNREACHABLE_CODE = YES;
				CLANG_WARN__DUPLICATE_METHOD_MATCH = YES;
				"CODE_SIGN_IDENTITY[sdk=iphoneos*]" = "iPhone Developer";
				COPY_PHASE_STRIP = NO;
				DEBUG_INFORMATION_FORMAT = dwarf;
				ENABLE_STRICT_OBJC_MSGSEND = YES;
				ENABLE_TESTABILITY = YES;
				GCC_C_LANGUAGE_STANDARD = gnu99;
				GCC_DYNAMIC_NO_PIC = NO;
				GCC_NO_COMMON_BLOCKS = YES;
				GCC_OPTIMIZATION_LEVEL = 0;
				GCC_PREPROCESSOR_DEFINITIONS = (
					"DEBUG=1",
					"$(inherited)",
				);
				GCC_WARN_64_TO_32_BIT_CONVERSION = YES;
				GCC_WARN_ABOUT_RETURN_TYPE = YES_ERROR;
				GCC_WARN_UNDECLARED_SELECTOR = YES;
				GCC_WARN_UNINITIALIZED_AUTOS = YES_AGGRESSIVE;
				GCC_WARN_UNUSED_FUNCTION = YES;
				GCC_WARN_UNUSED_VARIABLE = YES;
				IPHONEOS_DEPLOYMENT_TARGET = 9.0;
				MTL_ENABLE_DEBUG_INFO = YES;
				ONLY_ACTIVE_ARCH = YES;
				SDKROOT = iphoneos;
				SWIFT_ACTIVE_COMPILATION_CONDITIONS = DEBUG;
				SWIFT_OPTIMIZATION_LEVEL = "-Onone";
				TARGETED_DEVICE_FAMILY = "1,2";
			};
			name = Debug;
		};
		A26BE20D1E32334500501B0C /* Release */ = {
			isa = XCBuildConfiguration;
			buildSettings = {
				ALWAYS_SEARCH_USER_PATHS = NO;
				CLANG_ANALYZER_NONNULL = YES;
				CLANG_CXX_LANGUAGE_STANDARD = "gnu++0x";
				CLANG_CXX_LIBRARY = "libc++";
				CLANG_ENABLE_MODULES = YES;
				CLANG_ENABLE_OBJC_ARC = YES;
				CLANG_WARN_BOOL_CONVERSION = YES;
				CLANG_WARN_CONSTANT_CONVERSION = YES;
				CLANG_WARN_DIRECT_OBJC_ISA_USAGE = YES_ERROR;
				CLANG_WARN_DOCUMENTATION_COMMENTS = YES;
				CLANG_WARN_EMPTY_BODY = YES;
				CLANG_WARN_ENUM_CONVERSION = YES;
				CLANG_WARN_INFINITE_RECURSION = YES;
				CLANG_WARN_INT_CONVERSION = YES;
				CLANG_WARN_OBJC_ROOT_CLASS = YES_ERROR;
				CLANG_WARN_SUSPICIOUS_MOVE = YES;
				CLANG_WARN_UNREACHABLE_CODE = YES;
				CLANG_WARN__DUPLICATE_METHOD_MATCH = YES;
				"CODE_SIGN_IDENTITY[sdk=iphoneos*]" = "iPhone Developer";
				COPY_PHASE_STRIP = NO;
				DEBUG_INFORMATION_FORMAT = "dwarf-with-dsym";
				ENABLE_NS_ASSERTIONS = NO;
				ENABLE_STRICT_OBJC_MSGSEND = YES;
				GCC_C_LANGUAGE_STANDARD = gnu99;
				GCC_NO_COMMON_BLOCKS = YES;
				GCC_WARN_64_TO_32_BIT_CONVERSION = YES;
				GCC_WARN_ABOUT_RETURN_TYPE = YES_ERROR;
				GCC_WARN_UNDECLARED_SELECTOR = YES;
				GCC_WARN_UNINITIALIZED_AUTOS = YES_AGGRESSIVE;
				GCC_WARN_UNUSED_FUNCTION = YES;
				GCC_WARN_UNUSED_VARIABLE = YES;
				IPHONEOS_DEPLOYMENT_TARGET = 9.0;
				MTL_ENABLE_DEBUG_INFO = NO;
				SDKROOT = iphoneos;
				SWIFT_OPTIMIZATION_LEVEL = "-Owholemodule";
				TARGETED_DEVICE_FAMILY = "1,2";
				VALIDATE_PRODUCT = YES;
			};
			name = Release;
		};
		A26BE20F1E32334500501B0C /* Debug */ = {
			isa = XCBuildConfiguration;
			baseConfigurationReference = 3B68393444AAB4F81311648F /* Pods-NEFEnduro.debug.xcconfig */;
			buildSettings = {
				ALWAYS_EMBED_SWIFT_STANDARD_LIBRARIES = YES;
				ASSETCATALOG_COMPILER_APPICON_NAME = AppIcon;
				DEVELOPMENT_TEAM = 8DMCVMABTV;
				INFOPLIST_FILE = NEFEnduro/Info.plist;
				LD_RUNPATH_SEARCH_PATHS = "$(inherited) @executable_path/Frameworks";
				PRODUCT_BUNDLE_IDENTIFIER = com.includetech.NEFEnduro;
				PRODUCT_NAME = "$(TARGET_NAME)";
				SWIFT_VERSION = 3.0;
			};
			name = Debug;
		};
		A26BE2101E32334500501B0C /* Release */ = {
			isa = XCBuildConfiguration;
			baseConfigurationReference = 01CA98C354FC8B749327147B /* Pods-NEFEnduro.release.xcconfig */;
			buildSettings = {
				ALWAYS_EMBED_SWIFT_STANDARD_LIBRARIES = YES;
				ASSETCATALOG_COMPILER_APPICON_NAME = AppIcon;
				DEVELOPMENT_TEAM = 8DMCVMABTV;
				INFOPLIST_FILE = NEFEnduro/Info.plist;
				LD_RUNPATH_SEARCH_PATHS = "$(inherited) @executable_path/Frameworks";
				PRODUCT_BUNDLE_IDENTIFIER = com.includetech.NEFEnduro;
				PRODUCT_NAME = "$(TARGET_NAME)";
				SWIFT_VERSION = 3.0;
			};
			name = Release;
		};
/* End XCBuildConfiguration section */

/* Begin XCConfigurationList section */
		A26BE1F71E32334500501B0C /* Build configuration list for PBXProject "NEFEnduro" */ = {
			isa = XCConfigurationList;
			buildConfigurations = (
				A26BE20C1E32334500501B0C /* Debug */,
				A26BE20D1E32334500501B0C /* Release */,
			);
			defaultConfigurationIsVisible = 0;
			defaultConfigurationName = Release;
		};
		A26BE20E1E32334500501B0C /* Build configuration list for PBXNativeTarget "NEFEnduro" */ = {
			isa = XCConfigurationList;
			buildConfigurations = (
				A26BE20F1E32334500501B0C /* Debug */,
				A26BE2101E32334500501B0C /* Release */,
			);
			defaultConfigurationIsVisible = 0;
			defaultConfigurationName = Release;
		};
/* End XCConfigurationList section */
	};
	rootObject = A26BE1F41E32334500501B0C /* Project object */;
}
